// !$*UTF8*$!
{
	archiveVersion = 1;
	classes = {
	};
	objectVersion = 50;
	objects = {

/* Begin PBXBuildFile section */
		0FA365B81A37C661D20A349A /* libPods-FlixTests.a in Frameworks */ = {isa = PBXBuildFile; fileRef = 5E45656FF61DB3B8933A4587 /* libPods-FlixTests.a */; };
		6311506BBD8AC1830EF68021 /* libPods-Flix.a in Frameworks */ = {isa = PBXBuildFile; fileRef = 85C1872C95C5B93EACA13967 /* libPods-Flix.a */; };
		7370809D51507B86E6EE6671 /* libPods-Flix-FlixUITests.a in Frameworks */ = {isa = PBXBuildFile; fileRef = 155DB75EAB22A4E23449D6F7 /* libPods-Flix-FlixUITests.a */; };
		C9D0AB9226838E840014B7DE /* AppDelegate.m in Sources */ = {isa = PBXBuildFile; fileRef = C9D0AB9126838E840014B7DE /* AppDelegate.m */; };
		C9D0AB9526838E840014B7DE /* SceneDelegate.m in Sources */ = {isa = PBXBuildFile; fileRef = C9D0AB9426838E840014B7DE /* SceneDelegate.m */; };
		C9D0AB9B26838E840014B7DE /* Main.storyboard in Resources */ = {isa = PBXBuildFile; fileRef = C9D0AB9926838E840014B7DE /* Main.storyboard */; };
		C9D0AB9D26838E860014B7DE /* Assets.xcassets in Resources */ = {isa = PBXBuildFile; fileRef = C9D0AB9C26838E860014B7DE /* Assets.xcassets */; };
		C9D0ABA026838E860014B7DE /* LaunchScreen.storyboard in Resources */ = {isa = PBXBuildFile; fileRef = C9D0AB9E26838E860014B7DE /* LaunchScreen.storyboard */; };
		C9D0ABA326838E860014B7DE /* main.m in Sources */ = {isa = PBXBuildFile; fileRef = C9D0ABA226838E860014B7DE /* main.m */; };
		C9D0ABAD26838E860014B7DE /* FlixTests.m in Sources */ = {isa = PBXBuildFile; fileRef = C9D0ABAC26838E860014B7DE /* FlixTests.m */; };
		C9D0ABB826838E860014B7DE /* FlixUITests.m in Sources */ = {isa = PBXBuildFile; fileRef = C9D0ABB726838E860014B7DE /* FlixUITests.m */; };
		C9D0ABC7268399250014B7DE /* MoviesViewController.m in Sources */ = {isa = PBXBuildFile; fileRef = C9D0ABC6268399250014B7DE /* MoviesViewController.m */; };
		C9D0ABD02683CA690014B7DE /* MovieCell.m in Sources */ = {isa = PBXBuildFile; fileRef = C9D0ABCF2683CA690014B7DE /* MovieCell.m */; };
		C9D0ABD32683E1EE0014B7DE /* DetailsViewController.m in Sources */ = {isa = PBXBuildFile; fileRef = C9D0ABD22683E1EE0014B7DE /* DetailsViewController.m */; };
/* End PBXBuildFile section */

/* Begin PBXContainerItemProxy section */
		C9D0ABA926838E860014B7DE /* PBXContainerItemProxy */ = {
			isa = PBXContainerItemProxy;
			containerPortal = C9D0AB8526838E840014B7DE /* Project object */;
			proxyType = 1;
			remoteGlobalIDString = C9D0AB8C26838E840014B7DE;
			remoteInfo = Flix;
		};
		C9D0ABB426838E860014B7DE /* PBXContainerItemProxy */ = {
			isa = PBXContainerItemProxy;
			containerPortal = C9D0AB8526838E840014B7DE /* Project object */;
			proxyType = 1;
			remoteGlobalIDString = C9D0AB8C26838E840014B7DE;
			remoteInfo = Flix;
		};
/* End PBXContainerItemProxy section */

/* Begin PBXFileReference section */
		155DB75EAB22A4E23449D6F7 /* libPods-Flix-FlixUITests.a */ = {isa = PBXFileReference; explicitFileType = archive.ar; includeInIndex = 0; path = "libPods-Flix-FlixUITests.a"; sourceTree = BUILT_PRODUCTS_DIR; };
		5BFC8E53D4A31FFC3C89AE95 /* Pods-Flix.debug.xcconfig */ = {isa = PBXFileReference; includeInIndex = 1; lastKnownFileType = text.xcconfig; name = "Pods-Flix.debug.xcconfig"; path = "Target Support Files/Pods-Flix/Pods-Flix.debug.xcconfig"; sourceTree = "<group>"; };
		5E45656FF61DB3B8933A4587 /* libPods-FlixTests.a */ = {isa = PBXFileReference; explicitFileType = archive.ar; includeInIndex = 0; path = "libPods-FlixTests.a"; sourceTree = BUILT_PRODUCTS_DIR; };
		7B409A3E70B8332E021EEDA5 /* Pods-FlixTests.debug.xcconfig */ = {isa = PBXFileReference; includeInIndex = 1; lastKnownFileType = text.xcconfig; name = "Pods-FlixTests.debug.xcconfig"; path = "Target Support Files/Pods-FlixTests/Pods-FlixTests.debug.xcconfig"; sourceTree = "<group>"; };
		85C1872C95C5B93EACA13967 /* libPods-Flix.a */ = {isa = PBXFileReference; explicitFileType = archive.ar; includeInIndex = 0; path = "libPods-Flix.a"; sourceTree = BUILT_PRODUCTS_DIR; };
		9EA067D2CB83DC761462B7D6 /* Pods-Flix-FlixUITests.release.xcconfig */ = {isa = PBXFileReference; includeInIndex = 1; lastKnownFileType = text.xcconfig; name = "Pods-Flix-FlixUITests.release.xcconfig"; path = "Target Support Files/Pods-Flix-FlixUITests/Pods-Flix-FlixUITests.release.xcconfig"; sourceTree = "<group>"; };
		B70A1A63AD4A11757C553FDB /* Pods-Flix.release.xcconfig */ = {isa = PBXFileReference; includeInIndex = 1; lastKnownFileType = text.xcconfig; name = "Pods-Flix.release.xcconfig"; path = "Target Support Files/Pods-Flix/Pods-Flix.release.xcconfig"; sourceTree = "<group>"; };
		C9D0AB8D26838E840014B7DE /* Flix.app */ = {isa = PBXFileReference; explicitFileType = wrapper.application; includeInIndex = 0; path = Flix.app; sourceTree = BUILT_PRODUCTS_DIR; };
		C9D0AB9026838E840014B7DE /* AppDelegate.h */ = {isa = PBXFileReference; lastKnownFileType = sourcecode.c.h; path = AppDelegate.h; sourceTree = "<group>"; };
		C9D0AB9126838E840014B7DE /* AppDelegate.m */ = {isa = PBXFileReference; lastKnownFileType = sourcecode.c.objc; path = AppDelegate.m; sourceTree = "<group>"; };
		C9D0AB9326838E840014B7DE /* SceneDelegate.h */ = {isa = PBXFileReference; lastKnownFileType = sourcecode.c.h; path = SceneDelegate.h; sourceTree = "<group>"; };
		C9D0AB9426838E840014B7DE /* SceneDelegate.m */ = {isa = PBXFileReference; lastKnownFileType = sourcecode.c.objc; path = SceneDelegate.m; sourceTree = "<group>"; };
		C9D0AB9A26838E840014B7DE /* Base */ = {isa = PBXFileReference; lastKnownFileType = file.storyboard; name = Base; path = Base.lproj/Main.storyboard; sourceTree = "<group>"; };
		C9D0AB9C26838E860014B7DE /* Assets.xcassets */ = {isa = PBXFileReference; lastKnownFileType = folder.assetcatalog; path = Assets.xcassets; sourceTree = "<group>"; };
		C9D0AB9F26838E860014B7DE /* Base */ = {isa = PBXFileReference; lastKnownFileType = file.storyboard; name = Base; path = Base.lproj/LaunchScreen.storyboard; sourceTree = "<group>"; };
		C9D0ABA126838E860014B7DE /* Info.plist */ = {isa = PBXFileReference; lastKnownFileType = text.plist.xml; path = Info.plist; sourceTree = "<group>"; };
		C9D0ABA226838E860014B7DE /* main.m */ = {isa = PBXFileReference; lastKnownFileType = sourcecode.c.objc; path = main.m; sourceTree = "<group>"; };
		C9D0ABA826838E860014B7DE /* FlixTests.xctest */ = {isa = PBXFileReference; explicitFileType = wrapper.cfbundle; includeInIndex = 0; path = FlixTests.xctest; sourceTree = BUILT_PRODUCTS_DIR; };
		C9D0ABAC26838E860014B7DE /* FlixTests.m */ = {isa = PBXFileReference; lastKnownFileType = sourcecode.c.objc; path = FlixTests.m; sourceTree = "<group>"; };
		C9D0ABAE26838E860014B7DE /* Info.plist */ = {isa = PBXFileReference; lastKnownFileType = text.plist.xml; path = Info.plist; sourceTree = "<group>"; };
		C9D0ABB326838E860014B7DE /* FlixUITests.xctest */ = {isa = PBXFileReference; explicitFileType = wrapper.cfbundle; includeInIndex = 0; path = FlixUITests.xctest; sourceTree = BUILT_PRODUCTS_DIR; };
		C9D0ABB726838E860014B7DE /* FlixUITests.m */ = {isa = PBXFileReference; lastKnownFileType = sourcecode.c.objc; path = FlixUITests.m; sourceTree = "<group>"; };
		C9D0ABB926838E860014B7DE /* Info.plist */ = {isa = PBXFileReference; lastKnownFileType = text.plist.xml; path = Info.plist; sourceTree = "<group>"; };
		C9D0ABC5268399250014B7DE /* MoviesViewController.h */ = {isa = PBXFileReference; lastKnownFileType = sourcecode.c.h; path = MoviesViewController.h; sourceTree = "<group>"; };
		C9D0ABC6268399250014B7DE /* MoviesViewController.m */ = {isa = PBXFileReference; lastKnownFileType = sourcecode.c.objc; path = MoviesViewController.m; sourceTree = "<group>"; };
		C9D0ABCE2683CA690014B7DE /* MovieCell.h */ = {isa = PBXFileReference; lastKnownFileType = sourcecode.c.h; path = MovieCell.h; sourceTree = "<group>"; };
		C9D0ABCF2683CA690014B7DE /* MovieCell.m */ = {isa = PBXFileReference; lastKnownFileType = sourcecode.c.objc; path = MovieCell.m; sourceTree = "<group>"; };
		C9D0ABD12683E1EE0014B7DE /* DetailsViewController.h */ = {isa = PBXFileReference; lastKnownFileType = sourcecode.c.h; path = DetailsViewController.h; sourceTree = "<group>"; };
		C9D0ABD22683E1EE0014B7DE /* DetailsViewController.m */ = {isa = PBXFileReference; lastKnownFileType = sourcecode.c.objc; path = DetailsViewController.m; sourceTree = "<group>"; };
		E483398A4AAE3681CA67539C /* Pods-Flix-FlixUITests.debug.xcconfig */ = {isa = PBXFileReference; includeInIndex = 1; lastKnownFileType = text.xcconfig; name = "Pods-Flix-FlixUITests.debug.xcconfig"; path = "Target Support Files/Pods-Flix-FlixUITests/Pods-Flix-FlixUITests.debug.xcconfig"; sourceTree = "<group>"; };
		F11732C80A8E2EF025631C9A /* Pods-FlixTests.release.xcconfig */ = {isa = PBXFileReference; includeInIndex = 1; lastKnownFileType = text.xcconfig; name = "Pods-FlixTests.release.xcconfig"; path = "Target Support Files/Pods-FlixTests/Pods-FlixTests.release.xcconfig"; sourceTree = "<group>"; };
/* End PBXFileReference section */

/* Begin PBXFrameworksBuildPhase section */
		C9D0AB8A26838E840014B7DE /* Frameworks */ = {
			isa = PBXFrameworksBuildPhase;
			buildActionMask = 2147483647;
			files = (
				6311506BBD8AC1830EF68021 /* libPods-Flix.a in Frameworks */,
			);
			runOnlyForDeploymentPostprocessing = 0;
		};
		C9D0ABA526838E860014B7DE /* Frameworks */ = {
			isa = PBXFrameworksBuildPhase;
			buildActionMask = 2147483647;
			files = (
				0FA365B81A37C661D20A349A /* libPods-FlixTests.a in Frameworks */,
			);
			runOnlyForDeploymentPostprocessing = 0;
		};
		C9D0ABB026838E860014B7DE /* Frameworks */ = {
			isa = PBXFrameworksBuildPhase;
			buildActionMask = 2147483647;
			files = (
				7370809D51507B86E6EE6671 /* libPods-Flix-FlixUITests.a in Frameworks */,
			);
			runOnlyForDeploymentPostprocessing = 0;
		};
/* End PBXFrameworksBuildPhase section */

/* Begin PBXGroup section */
		7468577950818DFFC51A56A0 /* Pods */ = {
			isa = PBXGroup;
			children = (
				5BFC8E53D4A31FFC3C89AE95 /* Pods-Flix.debug.xcconfig */,
				B70A1A63AD4A11757C553FDB /* Pods-Flix.release.xcconfig */,
				E483398A4AAE3681CA67539C /* Pods-Flix-FlixUITests.debug.xcconfig */,
				9EA067D2CB83DC761462B7D6 /* Pods-Flix-FlixUITests.release.xcconfig */,
				7B409A3E70B8332E021EEDA5 /* Pods-FlixTests.debug.xcconfig */,
				F11732C80A8E2EF025631C9A /* Pods-FlixTests.release.xcconfig */,
			);
			path = Pods;
			sourceTree = "<group>";
		};
		C9D0AB8426838E840014B7DE = {
			isa = PBXGroup;
			children = (
				C9D0AB8F26838E840014B7DE /* Flix */,
				C9D0ABAB26838E860014B7DE /* FlixTests */,
				C9D0ABB626838E860014B7DE /* FlixUITests */,
				C9D0AB8E26838E840014B7DE /* Products */,
				7468577950818DFFC51A56A0 /* Pods */,
				DB7529A671498F63872EEECC /* Frameworks */,
			);
			sourceTree = "<group>";
		};
		C9D0AB8E26838E840014B7DE /* Products */ = {
			isa = PBXGroup;
			children = (
				C9D0AB8D26838E840014B7DE /* Flix.app */,
				C9D0ABA826838E860014B7DE /* FlixTests.xctest */,
				C9D0ABB326838E860014B7DE /* FlixUITests.xctest */,
			);
			name = Products;
			sourceTree = "<group>";
		};
		C9D0AB8F26838E840014B7DE /* Flix */ = {
			isa = PBXGroup;
			children = (
				C9D0ABCA26839A1D0014B7DE /* Models */,
				C9D0ABC926839A170014B7DE /* Views */,
				C9D0ABC826839A0D0014B7DE /* View Controllers */,
				C9D0AB9026838E840014B7DE /* AppDelegate.h */,
				C9D0AB9126838E840014B7DE /* AppDelegate.m */,
				C9D0AB9326838E840014B7DE /* SceneDelegate.h */,
				C9D0AB9426838E840014B7DE /* SceneDelegate.m */,
				C9D0AB9926838E840014B7DE /* Main.storyboard */,
				C9D0AB9C26838E860014B7DE /* Assets.xcassets */,
				C9D0AB9E26838E860014B7DE /* LaunchScreen.storyboard */,
				C9D0ABA126838E860014B7DE /* Info.plist */,
				C9D0ABA226838E860014B7DE /* main.m */,
			);
			path = Flix;
			sourceTree = "<group>";
		};
		C9D0ABAB26838E860014B7DE /* FlixTests */ = {
			isa = PBXGroup;
			children = (
				C9D0ABAC26838E860014B7DE /* FlixTests.m */,
				C9D0ABAE26838E860014B7DE /* Info.plist */,
			);
			path = FlixTests;
			sourceTree = "<group>";
		};
		C9D0ABB626838E860014B7DE /* FlixUITests */ = {
			isa = PBXGroup;
			children = (
				C9D0ABB726838E860014B7DE /* FlixUITests.m */,
				C9D0ABB926838E860014B7DE /* Info.plist */,
			);
			path = FlixUITests;
			sourceTree = "<group>";
		};
		C9D0ABC826839A0D0014B7DE /* View Controllers */ = {
			isa = PBXGroup;
			children = (
				C9D0ABC5268399250014B7DE /* MoviesViewController.h */,
				C9D0ABC6268399250014B7DE /* MoviesViewController.m */,
				C9D0ABD12683E1EE0014B7DE /* DetailsViewController.h */,
				C9D0ABD22683E1EE0014B7DE /* DetailsViewController.m */,
			);
			path = "View Controllers";
			sourceTree = "<group>";
		};
		C9D0ABC926839A170014B7DE /* Views */ = {
			isa = PBXGroup;
			children = (
				C9D0ABCE2683CA690014B7DE /* MovieCell.h */,
				C9D0ABCF2683CA690014B7DE /* MovieCell.m */,
			);
			path = Views;
			sourceTree = "<group>";
		};
		C9D0ABCA26839A1D0014B7DE /* Models */ = {
			isa = PBXGroup;
			children = (
			);
			path = Models;
			sourceTree = "<group>";
		};
		DB7529A671498F63872EEECC /* Frameworks */ = {
			isa = PBXGroup;
			children = (
				85C1872C95C5B93EACA13967 /* libPods-Flix.a */,
				155DB75EAB22A4E23449D6F7 /* libPods-Flix-FlixUITests.a */,
				5E45656FF61DB3B8933A4587 /* libPods-FlixTests.a */,
			);
			name = Frameworks;
			sourceTree = "<group>";
		};
/* End PBXGroup section */

/* Begin PBXNativeTarget section */
		C9D0AB8C26838E840014B7DE /* Flix */ = {
			isa = PBXNativeTarget;
			buildConfigurationList = C9D0ABBC26838E860014B7DE /* Build configuration list for PBXNativeTarget "Flix" */;
			buildPhases = (
				838C28BF0A54BCF436E27A57 /* [CP] Check Pods Manifest.lock */,
				C9D0AB8926838E840014B7DE /* Sources */,
				C9D0AB8A26838E840014B7DE /* Frameworks */,
				C9D0AB8B26838E840014B7DE /* Resources */,
			);
			buildRules = (
			);
			dependencies = (
			);
			name = Flix;
			productName = Flix;
			productReference = C9D0AB8D26838E840014B7DE /* Flix.app */;
			productType = "com.apple.product-type.application";
		};
		C9D0ABA726838E860014B7DE /* FlixTests */ = {
			isa = PBXNativeTarget;
			buildConfigurationList = C9D0ABBF26838E860014B7DE /* Build configuration list for PBXNativeTarget "FlixTests" */;
			buildPhases = (
				0A0B87C14E15789D660A3D96 /* [CP] Check Pods Manifest.lock */,
				C9D0ABA426838E860014B7DE /* Sources */,
				C9D0ABA526838E860014B7DE /* Frameworks */,
				C9D0ABA626838E860014B7DE /* Resources */,
			);
			buildRules = (
			);
			dependencies = (
				C9D0ABAA26838E860014B7DE /* PBXTargetDependency */,
			);
			name = FlixTests;
			productName = FlixTests;
			productReference = C9D0ABA826838E860014B7DE /* FlixTests.xctest */;
			productType = "com.apple.product-type.bundle.unit-test";
		};
		C9D0ABB226838E860014B7DE /* FlixUITests */ = {
			isa = PBXNativeTarget;
			buildConfigurationList = C9D0ABC226838E860014B7DE /* Build configuration list for PBXNativeTarget "FlixUITests" */;
			buildPhases = (
				136087F922C6FB645C398C35 /* [CP] Check Pods Manifest.lock */,
				C9D0ABAF26838E860014B7DE /* Sources */,
				C9D0ABB026838E860014B7DE /* Frameworks */,
				C9D0ABB126838E860014B7DE /* Resources */,
			);
			buildRules = (
			);
			dependencies = (
				C9D0ABB526838E860014B7DE /* PBXTargetDependency */,
			);
			name = FlixUITests;
			productName = FlixUITests;
			productReference = C9D0ABB326838E860014B7DE /* FlixUITests.xctest */;
			productType = "com.apple.product-type.bundle.ui-testing";
		};
/* End PBXNativeTarget section */

/* Begin PBXProject section */
		C9D0AB8526838E840014B7DE /* Project object */ = {
			isa = PBXProject;
			attributes = {
				LastUpgradeCheck = 1250;
				TargetAttributes = {
					C9D0AB8C26838E840014B7DE = {
						CreatedOnToolsVersion = 12.5.1;
					};
					C9D0ABA726838E860014B7DE = {
						CreatedOnToolsVersion = 12.5.1;
						TestTargetID = C9D0AB8C26838E840014B7DE;
					};
					C9D0ABB226838E860014B7DE = {
						CreatedOnToolsVersion = 12.5.1;
						TestTargetID = C9D0AB8C26838E840014B7DE;
					};
				};
			};
			buildConfigurationList = C9D0AB8826838E840014B7DE /* Build configuration list for PBXProject "Flix" */;
			compatibilityVersion = "Xcode 9.3";
			developmentRegion = en;
			hasScannedForEncodings = 0;
			knownRegions = (
				en,
				Base,
			);
			mainGroup = C9D0AB8426838E840014B7DE;
			productRefGroup = C9D0AB8E26838E840014B7DE /* Products */;
			projectDirPath = "";
			projectRoot = "";
			targets = (
				C9D0AB8C26838E840014B7DE /* Flix */,
				C9D0ABA726838E860014B7DE /* FlixTests */,
				C9D0ABB226838E860014B7DE /* FlixUITests */,
			);
		};
/* End PBXProject section */

/* Begin PBXResourcesBuildPhase section */
		C9D0AB8B26838E840014B7DE /* Resources */ = {
			isa = PBXResourcesBuildPhase;
			buildActionMask = 2147483647;
			files = (
				C9D0ABA026838E860014B7DE /* LaunchScreen.storyboard in Resources */,
				C9D0AB9D26838E860014B7DE /* Assets.xcassets in Resources */,
				C9D0AB9B26838E840014B7DE /* Main.storyboard in Resources */,
			);
			runOnlyForDeploymentPostprocessing = 0;
		};
		C9D0ABA626838E860014B7DE /* Resources */ = {
			isa = PBXResourcesBuildPhase;
			buildActionMask = 2147483647;
			files = (
			);
			runOnlyForDeploymentPostprocessing = 0;
		};
		C9D0ABB126838E860014B7DE /* Resources */ = {
			isa = PBXResourcesBuildPhase;
			buildActionMask = 2147483647;
			files = (
			);
			runOnlyForDeploymentPostprocessing = 0;
		};
/* End PBXResourcesBuildPhase section */

/* Begin PBXShellScriptBuildPhase section */
		0A0B87C14E15789D660A3D96 /* [CP] Check Pods Manifest.lock */ = {
			isa = PBXShellScriptBuildPhase;
			buildActionMask = 2147483647;
			files = (
			);
			inputFileListPaths = (
			);
			inputPaths = (
				"${PODS_PODFILE_DIR_PATH}/Podfile.lock",
				"${PODS_ROOT}/Manifest.lock",
			);
			name = "[CP] Check Pods Manifest.lock";
			outputFileListPaths = (
			);
			outputPaths = (
				"$(DERIVED_FILE_DIR)/Pods-FlixTests-checkManifestLockResult.txt",
			);
			runOnlyForDeploymentPostprocessing = 0;
			shellPath = /bin/sh;
			shellScript = "diff \"${PODS_PODFILE_DIR_PATH}/Podfile.lock\" \"${PODS_ROOT}/Manifest.lock\" > /dev/null\nif [ $? != 0 ] ; then\n    # print error to STDERR\n    echo \"error: The sandbox is not in sync with the Podfile.lock. Run 'pod install' or update your CocoaPods installation.\" >&2\n    exit 1\nfi\n# This output is used by Xcode 'outputs' to avoid re-running this script phase.\necho \"SUCCESS\" > \"${SCRIPT_OUTPUT_FILE_0}\"\n";
			showEnvVarsInLog = 0;
		};
		136087F922C6FB645C398C35 /* [CP] Check Pods Manifest.lock */ = {
			isa = PBXShellScriptBuildPhase;
			buildActionMask = 2147483647;
			files = (
			);
			inputFileListPaths = (
			);
			inputPaths = (
				"${PODS_PODFILE_DIR_PATH}/Podfile.lock",
				"${PODS_ROOT}/Manifest.lock",
			);
			name = "[CP] Check Pods Manifest.lock";
			outputFileListPaths = (
			);
			outputPaths = (
				"$(DERIVED_FILE_DIR)/Pods-Flix-FlixUITests-checkManifestLockResult.txt",
			);
			runOnlyForDeploymentPostprocessing = 0;
			shellPath = /bin/sh;
			shellScript = "diff \"${PODS_PODFILE_DIR_PATH}/Podfile.lock\" \"${PODS_ROOT}/Manifest.lock\" > /dev/null\nif [ $? != 0 ] ; then\n    # print error to STDERR\n    echo \"error: The sandbox is not in sync with the Podfile.lock. Run 'pod install' or update your CocoaPods installation.\" >&2\n    exit 1\nfi\n# This output is used by Xcode 'outputs' to avoid re-running this script phase.\necho \"SUCCESS\" > \"${SCRIPT_OUTPUT_FILE_0}\"\n";
			showEnvVarsInLog = 0;
		};
		838C28BF0A54BCF436E27A57 /* [CP] Check Pods Manifest.lock */ = {
			isa = PBXShellScriptBuildPhase;
			buildActionMask = 2147483647;
			files = (
			);
			inputFileListPaths = (
			);
			inputPaths = (
				"${PODS_PODFILE_DIR_PATH}/Podfile.lock",
				"${PODS_ROOT}/Manifest.lock",
			);
			name = "[CP] Check Pods Manifest.lock";
			outputFileListPaths = (
			);
			outputPaths = (
				"$(DERIVED_FILE_DIR)/Pods-Flix-checkManifestLockResult.txt",
			);
			runOnlyForDeploymentPostprocessing = 0;
			shellPath = /bin/sh;
			shellScript = "diff \"${PODS_PODFILE_DIR_PATH}/Podfile.lock\" \"${PODS_ROOT}/Manifest.lock\" > /dev/null\nif [ $? != 0 ] ; then\n    # print error to STDERR\n    echo \"error: The sandbox is not in sync with the Podfile.lock. Run 'pod install' or update your CocoaPods installation.\" >&2\n    exit 1\nfi\n# This output is used by Xcode 'outputs' to avoid re-running this script phase.\necho \"SUCCESS\" > \"${SCRIPT_OUTPUT_FILE_0}\"\n";
			showEnvVarsInLog = 0;
		};
/* End PBXShellScriptBuildPhase section */

/* Begin PBXSourcesBuildPhase section */
		C9D0AB8926838E840014B7DE /* Sources */ = {
			isa = PBXSourcesBuildPhase;
			buildActionMask = 2147483647;
			files = (
				C9D0AB9226838E840014B7DE /* AppDelegate.m in Sources */,
				C9D0ABD02683CA690014B7DE /* MovieCell.m in Sources */,
				C9D0ABC7268399250014B7DE /* MoviesViewController.m in Sources */,
				C9D0ABD32683E1EE0014B7DE /* DetailsViewController.m in Sources */,
				C9D0ABA326838E860014B7DE /* main.m in Sources */,
				C9D0AB9526838E840014B7DE /* SceneDelegate.m in Sources */,
			);
			runOnlyForDeploymentPostprocessing = 0;
		};
		C9D0ABA426838E860014B7DE /* Sources */ = {
			isa = PBXSourcesBuildPhase;
			buildActionMask = 2147483647;
			files = (
				C9D0ABAD26838E860014B7DE /* FlixTests.m in Sources */,
			);
			runOnlyForDeploymentPostprocessing = 0;
		};
		C9D0ABAF26838E860014B7DE /* Sources */ = {
			isa = PBXSourcesBuildPhase;
			buildActionMask = 2147483647;
			files = (
				C9D0ABB826838E860014B7DE /* FlixUITests.m in Sources */,
			);
			runOnlyForDeploymentPostprocessing = 0;
		};
/* End PBXSourcesBuildPhase section */

/* Begin PBXTargetDependency section */
		C9D0ABAA26838E860014B7DE /* PBXTargetDependency */ = {
			isa = PBXTargetDependency;
			target = C9D0AB8C26838E840014B7DE /* Flix */;
			targetProxy = C9D0ABA926838E860014B7DE /* PBXContainerItemProxy */;
		};
		C9D0ABB526838E860014B7DE /* PBXTargetDependency */ = {
			isa = PBXTargetDependency;
			target = C9D0AB8C26838E840014B7DE /* Flix */;
			targetProxy = C9D0ABB426838E860014B7DE /* PBXContainerItemProxy */;
		};
/* End PBXTargetDependency section */

/* Begin PBXVariantGroup section */
		C9D0AB9926838E840014B7DE /* Main.storyboard */ = {
			isa = PBXVariantGroup;
			children = (
				C9D0AB9A26838E840014B7DE /* Base */,
			);
			name = Main.storyboard;
			sourceTree = "<group>";
		};
		C9D0AB9E26838E860014B7DE /* LaunchScreen.storyboard */ = {
			isa = PBXVariantGroup;
			children = (
				C9D0AB9F26838E860014B7DE /* Base */,
			);
			name = LaunchScreen.storyboard;
			sourceTree = "<group>";
		};
/* End PBXVariantGroup section */

/* Begin XCBuildConfiguration section */
		C9D0ABBA26838E860014B7DE /* Debug */ = {
			isa = XCBuildConfiguration;
			buildSettings = {
				ALWAYS_SEARCH_USER_PATHS = NO;
				CLANG_ANALYZER_NONNULL = YES;
				CLANG_ANALYZER_NUMBER_OBJECT_CONVERSION = YES_AGGRESSIVE;
				CLANG_CXX_LANGUAGE_STANDARD = "gnu++14";
				CLANG_CXX_LIBRARY = "libc++";
				CLANG_ENABLE_MODULES = YES;
				CLANG_ENABLE_OBJC_ARC = YES;
				CLANG_ENABLE_OBJC_WEAK = YES;
				CLANG_WARN_BLOCK_CAPTURE_AUTORELEASING = YES;
				CLANG_WARN_BOOL_CONVERSION = YES;
				CLANG_WARN_COMMA = YES;
				CLANG_WARN_CONSTANT_CONVERSION = YES;
				CLANG_WARN_DEPRECATED_OBJC_IMPLEMENTATIONS = YES;
				CLANG_WARN_DIRECT_OBJC_ISA_USAGE = YES_ERROR;
				CLANG_WARN_DOCUMENTATION_COMMENTS = YES;
				CLANG_WARN_EMPTY_BODY = YES;
				CLANG_WARN_ENUM_CONVERSION = YES;
				CLANG_WARN_INFINITE_RECURSION = YES;
				CLANG_WARN_INT_CONVERSION = YES;
				CLANG_WARN_NON_LITERAL_NULL_CONVERSION = YES;
				CLANG_WARN_OBJC_IMPLICIT_RETAIN_SELF = YES;
				CLANG_WARN_OBJC_LITERAL_CONVERSION = YES;
				CLANG_WARN_OBJC_ROOT_CLASS = YES_ERROR;
				CLANG_WARN_QUOTED_INCLUDE_IN_FRAMEWORK_HEADER = YES;
				CLANG_WARN_RANGE_LOOP_ANALYSIS = YES;
				CLANG_WARN_STRICT_PROTOTYPES = YES;
				CLANG_WARN_SUSPICIOUS_MOVE = YES;
				CLANG_WARN_UNGUARDED_AVAILABILITY = YES_AGGRESSIVE;
				CLANG_WARN_UNREACHABLE_CODE = YES;
				CLANG_WARN__DUPLICATE_METHOD_MATCH = YES;
				COPY_PHASE_STRIP = NO;
				DEBUG_INFORMATION_FORMAT = dwarf;
				ENABLE_STRICT_OBJC_MSGSEND = YES;
				ENABLE_TESTABILITY = YES;
				GCC_C_LANGUAGE_STANDARD = gnu11;
				GCC_DYNAMIC_NO_PIC = NO;
				GCC_NO_COMMON_BLOCKS = YES;
				GCC_OPTIMIZATION_LEVEL = 0;
				GCC_PREPROCESSOR_DEFINITIONS = (
					"DEBUG=1",
					"$(inherited)",
				);
				GCC_WARN_64_TO_32_BIT_CONVERSION = YES;
				GCC_WARN_ABOUT_RETURN_TYPE = YES_ERROR;
				GCC_WARN_UNDECLARED_SELECTOR = YES;
				GCC_WARN_UNINITIALIZED_AUTOS = YES_AGGRESSIVE;
				GCC_WARN_UNUSED_FUNCTION = YES;
				GCC_WARN_UNUSED_VARIABLE = YES;
				IPHONEOS_DEPLOYMENT_TARGET = 14.5;
				MTL_ENABLE_DEBUG_INFO = INCLUDE_SOURCE;
				MTL_FAST_MATH = YES;
				ONLY_ACTIVE_ARCH = YES;
				SDKROOT = iphoneos;
			};
			name = Debug;
		};
		C9D0ABBB26838E860014B7DE /* Release */ = {
			isa = XCBuildConfiguration;
			buildSettings = {
				ALWAYS_SEARCH_USER_PATHS = NO;
				CLANG_ANALYZER_NONNULL = YES;
				CLANG_ANALYZER_NUMBER_OBJECT_CONVERSION = YES_AGGRESSIVE;
				CLANG_CXX_LANGUAGE_STANDARD = "gnu++14";
				CLANG_CXX_LIBRARY = "libc++";
				CLANG_ENABLE_MODULES = YES;
				CLANG_ENABLE_OBJC_ARC = YES;
				CLANG_ENABLE_OBJC_WEAK = YES;
				CLANG_WARN_BLOCK_CAPTURE_AUTORELEASING = YES;
				CLANG_WARN_BOOL_CONVERSION = YES;
				CLANG_WARN_COMMA = YES;
				CLANG_WARN_CONSTANT_CONVERSION = YES;
				CLANG_WARN_DEPRECATED_OBJC_IMPLEMENTATIONS = YES;
				CLANG_WARN_DIRECT_OBJC_ISA_USAGE = YES_ERROR;
				CLANG_WARN_DOCUMENTATION_COMMENTS = YES;
				CLANG_WARN_EMPTY_BODY = YES;
				CLANG_WARN_ENUM_CONVERSION = YES;
				CLANG_WARN_INFINITE_RECURSION = YES;
				CLANG_WARN_INT_CONVERSION = YES;
				CLANG_WARN_NON_LITERAL_NULL_CONVERSION = YES;
				CLANG_WARN_OBJC_IMPLICIT_RETAIN_SELF = YES;
				CLANG_WARN_OBJC_LITERAL_CONVERSION = YES;
				CLANG_WARN_OBJC_ROOT_CLASS = YES_ERROR;
				CLANG_WARN_QUOTED_INCLUDE_IN_FRAMEWORK_HEADER = YES;
				CLANG_WARN_RANGE_LOOP_ANALYSIS = YES;
				CLANG_WARN_STRICT_PROTOTYPES = YES;
				CLANG_WARN_SUSPICIOUS_MOVE = YES;
				CLANG_WARN_UNGUARDED_AVAILABILITY = YES_AGGRESSIVE;
				CLANG_WARN_UNREACHABLE_CODE = YES;
				CLANG_WARN__DUPLICATE_METHOD_MATCH = YES;
				COPY_PHASE_STRIP = NO;
				DEBUG_INFORMATION_FORMAT = "dwarf-with-dsym";
				ENABLE_NS_ASSERTIONS = NO;
				ENABLE_STRICT_OBJC_MSGSEND = YES;
				GCC_C_LANGUAGE_STANDARD = gnu11;
				GCC_NO_COMMON_BLOCKS = YES;
				GCC_WARN_64_TO_32_BIT_CONVERSION = YES;
				GCC_WARN_ABOUT_RETURN_TYPE = YES_ERROR;
				GCC_WARN_UNDECLARED_SELECTOR = YES;
				GCC_WARN_UNINITIALIZED_AUTOS = YES_AGGRESSIVE;
				GCC_WARN_UNUSED_FUNCTION = YES;
				GCC_WARN_UNUSED_VARIABLE = YES;
				IPHONEOS_DEPLOYMENT_TARGET = 14.5;
				MTL_ENABLE_DEBUG_INFO = NO;
				MTL_FAST_MATH = YES;
				SDKROOT = iphoneos;
				VALIDATE_PRODUCT = YES;
			};
			name = Release;
		};
		C9D0ABBD26838E860014B7DE /* Debug */ = {
			isa = XCBuildConfiguration;
			baseConfigurationReference = 5BFC8E53D4A31FFC3C89AE95 /* Pods-Flix.debug.xcconfig */;
			buildSettings = {
				ASSETCATALOG_COMPILER_APPICON_NAME = AppIcon;
				ASSETCATALOG_COMPILER_GLOBAL_ACCENT_COLOR_NAME = AccentColor;
				CODE_SIGN_STYLE = Automatic;
				DEVELOPMENT_TEAM = 7TYQL4XJ34;
				INFOPLIST_FILE = Flix/Info.plist;
				LD_RUNPATH_SEARCH_PATHS = (
					"$(inherited)",
					"@executable_path/Frameworks",
				);
				PRODUCT_BUNDLE_IDENTIFIER = com.codepath.Flixx;
				PRODUCT_NAME = "$(TARGET_NAME)";
				TARGETED_DEVICE_FAMILY = "1,2";
			};
			name = Debug;
		};
		C9D0ABBE26838E860014B7DE /* Release */ = {
			isa = XCBuildConfiguration;
			baseConfigurationReference = B70A1A63AD4A11757C553FDB /* Pods-Flix.release.xcconfig */;
			buildSettings = {
				ASSETCATALOG_COMPILER_APPICON_NAME = AppIcon;
				ASSETCATALOG_COMPILER_GLOBAL_ACCENT_COLOR_NAME = AccentColor;
				CODE_SIGN_STYLE = Automatic;
				DEVELOPMENT_TEAM = 7TYQL4XJ34;
				INFOPLIST_FILE = Flix/Info.plist;
				LD_RUNPATH_SEARCH_PATHS = (
					"$(inherited)",
					"@executable_path/Frameworks",
				);
				PRODUCT_BUNDLE_IDENTIFIER = com.codepath.Flixx;
				PRODUCT_NAME = "$(TARGET_NAME)";
				TARGETED_DEVICE_FAMILY = "1,2";
			};
			name = Release;
		};
		C9D0ABC026838E860014B7DE /* Debug */ = {
			isa = XCBuildConfiguration;
			baseConfigurationReference = 7B409A3E70B8332E021EEDA5 /* Pods-FlixTests.debug.xcconfig */;
			buildSettings = {
				BUNDLE_LOADER = "$(TEST_HOST)";
				CODE_SIGN_STYLE = Automatic;
				DEVELOPMENT_TEAM = 7TYQL4XJ34;
				INFOPLIST_FILE = FlixTests/Info.plist;
				IPHONEOS_DEPLOYMENT_TARGET = 14.5;
				LD_RUNPATH_SEARCH_PATHS = (
					"$(inherited)",
					"@executable_path/Frameworks",
					"@loader_path/Frameworks",
				);
				PRODUCT_BUNDLE_IDENTIFIER = com.codepath.FlixTests;
				PRODUCT_NAME = "$(TARGET_NAME)";
				TARGETED_DEVICE_FAMILY = "1,2";
				TEST_HOST = "$(BUILT_PRODUCTS_DIR)/Flix.app/Flix";
			};
			name = Debug;
		};
		C9D0ABC126838E860014B7DE /* Release */ = {
			isa = XCBuildConfiguration;
			baseConfigurationReference = F11732C80A8E2EF025631C9A /* Pods-FlixTests.release.xcconfig */;
			buildSettings = {
				BUNDLE_LOADER = "$(TEST_HOST)";
				CODE_SIGN_STYLE = Automatic;
				DEVELOPMENT_TEAM = 7TYQL4XJ34;
				INFOPLIST_FILE = FlixTests/Info.plist;
				IPHONEOS_DEPLOYMENT_TARGET = 14.5;
				LD_RUNPATH_SEARCH_PATHS = (
					"$(inherited)",
					"@executable_path/Frameworks",
					"@loader_path/Frameworks",
				);
				PRODUCT_BUNDLE_IDENTIFIER = com.codepath.FlixTests;
				PRODUCT_NAME = "$(TARGET_NAME)";
				TARGETED_DEVICE_FAMILY = "1,2";
				TEST_HOST = "$(BUILT_PRODUCTS_DIR)/Flix.app/Flix";
			};
			name = Release;
		};
		C9D0ABC326838E860014B7DE /* Debug */ = {
			isa = XCBuildConfiguration;
			baseConfigurationReference = E483398A4AAE3681CA67539C /* Pods-Flix-FlixUITests.debug.xcconfig */;
			buildSettings = {
				CODE_SIGN_STYLE = Automatic;
				DEVELOPMENT_TEAM = 7TYQL4XJ34;
				INFOPLIST_FILE = FlixUITests/Info.plist;
				LD_RUNPATH_SEARCH_PATHS = (
					"$(inherited)",
					"@executable_path/Frameworks",
					"@loader_path/Frameworks",
				);
				PRODUCT_BUNDLE_IDENTIFIER = com.codepath.FlixUITests;
				PRODUCT_NAME = "$(TARGET_NAME)";
				TARGETED_DEVICE_FAMILY = "1,2";
				TEST_TARGET_NAME = Flix;
			};
			name = Debug;
		};
		C9D0ABC426838E860014B7DE /* Release */ = {
			isa = XCBuildConfiguration;
			baseConfigurationReference = 9EA067D2CB83DC761462B7D6 /* Pods-Flix-FlixUITests.release.xcconfig */;
			buildSettings = {
				CODE_SIGN_STYLE = Automatic;
				DEVELOPMENT_TEAM = 7TYQL4XJ34;
				INFOPLIST_FILE = FlixUITests/Info.plist;
				LD_RUNPATH_SEARCH_PATHS = (
					"$(inherited)",
					"@executable_path/Frameworks",
					"@loader_path/Frameworks",
				);
				PRODUCT_BUNDLE_IDENTIFIER = com.codepath.FlixUITests;
				PRODUCT_NAME = "$(TARGET_NAME)";
				TARGETED_DEVICE_FAMILY = "1,2";
				TEST_TARGET_NAME = Flix;
			};
			name = Release;
		};
/* End XCBuildConfiguration section */

/* Begin XCConfigurationList section */
		C9D0AB8826838E840014B7DE /* Build configuration list for PBXProject "Flix" */ = {
			isa = XCConfigurationList;
			buildConfigurations = (
				C9D0ABBA26838E860014B7DE /* Debug */,
				C9D0ABBB26838E860014B7DE /* Release */,
			);
			defaultConfigurationIsVisible = 0;
			defaultConfigurationName = Release;
		};
		C9D0ABBC26838E860014B7DE /* Build configuration list for PBXNativeTarget "Flix" */ = {
			isa = XCConfigurationList;
			buildConfigurations = (
				C9D0ABBD26838E860014B7DE /* Debug */,
				C9D0ABBE26838E860014B7DE /* Release */,
			);
			defaultConfigurationIsVisible = 0;
			defaultConfigurationName = Release;
		};
		C9D0ABBF26838E860014B7DE /* Build configuration list for PBXNativeTarget "FlixTests" */ = {
			isa = XCConfigurationList;
			buildConfigurations = (
				C9D0ABC026838E860014B7DE /* Debug */,
				C9D0ABC126838E860014B7DE /* Release */,
			);
			defaultConfigurationIsVisible = 0;
			defaultConfigurationName = Release;
		};
		C9D0ABC226838E860014B7DE /* Build configuration list for PBXNativeTarget "FlixUITests" */ = {
			isa = XCConfigurationList;
			buildConfigurations = (
				C9D0ABC326838E860014B7DE /* Debug */,
				C9D0ABC426838E860014B7DE /* Release */,
			);
			defaultConfigurationIsVisible = 0;
			defaultConfigurationName = Release;
		};
/* End XCConfigurationList section */
	};
	rootObject = C9D0AB8526838E840014B7DE /* Project object */;
}
